
Microsoft Visual Studio Solution File, Format Version 12.00
# Visual Studio Version 17
VisualStudioVersion = 17.5.33424.131
MinimumVisualStudioVersion = 10.0.40219.1
Project("{FAE04EC0-301F-11D3-BF4B-00C04F79EFBC}") = "Rodri1", "Rodri1\Rodri1.csproj", "{6BE0BA29-CB48-4FE7-A0CC-143CE70A45FB}"
EndProject
Global
	GlobalSection(SolutionConfigurationPlatforms) = preSolution
		Debug|Any CPU = Debug|Any CPU
		Release|Any CPU = Release|Any CPU
	EndGlobalSection
	GlobalSection(ProjectConfigurationPlatforms) = postSolution
		{6BE0BA29-CB48-4FE7-A0CC-143CE70A45FB}.Debug|Any CPU.ActiveCfg = Debug|Any CPU
		{6BE0BA29-CB48-4FE7-A0CC-143CE70A45FB}.Debug|Any CPU.Build.0 = Debug|Any CPU
		{6BE0BA29-CB48-4FE7-A0CC-143CE70A45FB}.Release|Any CPU.ActiveCfg = Release|Any CPU
		{6BE0BA29-CB48-4FE7-A0CC-143CE70A45FB}.Release|Any CPU.Build.0 = Release|Any CPU
	EndGlobalSection
	GlobalSection(SolutionProperties) = preSolution
		HideSolutionNode = FALSE
	EndGlobalSection
	GlobalSection(ExtensibilityGlobals) = postSolution
		SolutionGuid = {1D681E83-270C-4522-9E52-533F32A361BC}
	EndGlobalSection
EndGlobal
